// !$*UTF8*$!
{
	archiveVersion = 1;
	classes = {
	};
	objectVersion = 55;
	objects = {

/* Begin PBXBuildFile section */
		330F37A127916C1B0063E436 /* SwiftGoogleTranslate.swift in Sources */ = {isa = PBXBuildFile; fileRef = 330F37A027916C1B0063E436 /* SwiftGoogleTranslate.swift */; };
		330F37A827923B430063E436 /* Secret.plist in Resources */ = {isa = PBXBuildFile; fileRef = 330F37A727923B430063E436 /* Secret.plist */; };
		330F37AB2792572E0063E436 /* .gitignore in Resources */ = {isa = PBXBuildFile; fileRef = 330F37AA2792572E0063E436 /* .gitignore */; };
		335C65CC27911406000B8C7A /* AppDelegate.swift in Sources */ = {isa = PBXBuildFile; fileRef = 335C65CB27911406000B8C7A /* AppDelegate.swift */; };
		335C65CE27911406000B8C7A /* ViewController.swift in Sources */ = {isa = PBXBuildFile; fileRef = 335C65CD27911406000B8C7A /* ViewController.swift */; };
		335C65D027911408000B8C7A /* Assets.xcassets in Resources */ = {isa = PBXBuildFile; fileRef = 335C65CF27911408000B8C7A /* Assets.xcassets */; };
		335C65D327911408000B8C7A /* Main.storyboard in Resources */ = {isa = PBXBuildFile; fileRef = 335C65D127911408000B8C7A /* Main.storyboard */; };
		335C65DB27914D6D000B8C7A /* html_strings.swift in Sources */ = {isa = PBXBuildFile; fileRef = 335C65DA27914D6D000B8C7A /* html_strings.swift */; };
/* End PBXBuildFile section */

/* Begin PBXFileReference section */
		330F37A027916C1B0063E436 /* SwiftGoogleTranslate.swift */ = {isa = PBXFileReference; fileEncoding = 4; lastKnownFileType = sourcecode.swift; path = SwiftGoogleTranslate.swift; sourceTree = "<group>"; };
		330F37A727923B430063E436 /* Secret.plist */ = {isa = PBXFileReference; lastKnownFileType = text.plist.xml; path = Secret.plist; sourceTree = "<group>"; };
		330F37AA2792572E0063E436 /* .gitignore */ = {isa = PBXFileReference; lastKnownFileType = text; path = .gitignore; sourceTree = "<group>"; };
		335C65C827911406000B8C7A /* PrivacyPolicyTranslator.app */ = {isa = PBXFileReference; explicitFileType = wrapper.application; includeInIndex = 0; path = PrivacyPolicyTranslator.app; sourceTree = BUILT_PRODUCTS_DIR; };
		335C65CB27911406000B8C7A /* AppDelegate.swift */ = {isa = PBXFileReference; lastKnownFileType = sourcecode.swift; path = AppDelegate.swift; sourceTree = "<group>"; };
		335C65CD27911406000B8C7A /* ViewController.swift */ = {isa = PBXFileReference; lastKnownFileType = sourcecode.swift; path = ViewController.swift; sourceTree = "<group>"; };
		335C65CF27911408000B8C7A /* Assets.xcassets */ = {isa = PBXFileReference; lastKnownFileType = folder.assetcatalog; path = Assets.xcassets; sourceTree = "<group>"; };
		335C65D227911408000B8C7A /* Base */ = {isa = PBXFileReference; lastKnownFileType = file.storyboard; name = Base; path = Base.lproj/Main.storyboard; sourceTree = "<group>"; };
		335C65D427911408000B8C7A /* PrivacyPolicyTranslator.entitlements */ = {isa = PBXFileReference; lastKnownFileType = text.plist.entitlements; path = PrivacyPolicyTranslator.entitlements; sourceTree = "<group>"; };
		335C65DA27914D6D000B8C7A /* html_strings.swift */ = {isa = PBXFileReference; lastKnownFileType = sourcecode.swift; path = html_strings.swift; sourceTree = "<group>"; };
/* End PBXFileReference section */

/* Begin PBXFrameworksBuildPhase section */
		335C65C527911406000B8C7A /* Frameworks */ = {
			isa = PBXFrameworksBuildPhase;
			buildActionMask = 2147483647;
			files = (
			);
			runOnlyForDeploymentPostprocessing = 0;
		};
/* End PBXFrameworksBuildPhase section */

/* Begin PBXGroup section */
		335C65BF27911406000B8C7A = {
			isa = PBXGroup;
			children = (
				335C65CA27911406000B8C7A /* PrivacyPolicyTranslator */,
				335C65C927911406000B8C7A /* Products */,
			);
			sourceTree = "<group>";
		};
		335C65C927911406000B8C7A /* Products */ = {
			isa = PBXGroup;
			children = (
				335C65C827911406000B8C7A /* PrivacyPolicyTranslator.app */,
			);
			name = Products;
			sourceTree = "<group>";
		};
		335C65CA27911406000B8C7A /* PrivacyPolicyTranslator */ = {
			isa = PBXGroup;
			children = (
				330F37AA2792572E0063E436 /* .gitignore */,
				335C65CB27911406000B8C7A /* AppDelegate.swift */,
				335C65DA27914D6D000B8C7A /* html_strings.swift */,
				335C65D127911408000B8C7A /* Main.storyboard */,
				335C65CF27911408000B8C7A /* Assets.xcassets */,
				335C65CD27911406000B8C7A /* ViewController.swift */,
				330F37A027916C1B0063E436 /* SwiftGoogleTranslate.swift */,
				330F37A727923B430063E436 /* Secret.plist */,
				335C65D427911408000B8C7A /* PrivacyPolicyTranslator.entitlements */,
			);
			path = PrivacyPolicyTranslator;
			sourceTree = "<group>";
		};
/* End PBXGroup section */

/* Begin PBXNativeTarget section */
		335C65C727911406000B8C7A /* PrivacyPolicyTranslator */ = {
			isa = PBXNativeTarget;
			buildConfigurationList = 335C65D727911408000B8C7A /* Build configuration list for PBXNativeTarget "PrivacyPolicyTranslator" */;
			buildPhases = (
				335C65C427911406000B8C7A /* Sources */,
				335C65C527911406000B8C7A /* Frameworks */,
				335C65C627911406000B8C7A /* Resources */,
			);
			buildRules = (
			);
			dependencies = (
			);
			name = PrivacyPolicyTranslator;
			productName = PrivacyPolicyTranslator;
			productReference = 335C65C827911406000B8C7A /* PrivacyPolicyTranslator.app */;
			productType = "com.apple.product-type.application";
		};
/* End PBXNativeTarget section */

/* Begin PBXProject section */
		335C65C027911406000B8C7A /* Project object */ = {
			isa = PBXProject;
			attributes = {
				BuildIndependentTargetsInParallel = 1;
				LastSwiftUpdateCheck = 1300;
				LastUpgradeCheck = 1300;
				TargetAttributes = {
					335C65C727911406000B8C7A = {
						CreatedOnToolsVersion = 13.0;
					};
				};
			};
			buildConfigurationList = 335C65C327911406000B8C7A /* Build configuration list for PBXProject "PrivacyPolicyTranslator" */;
			compatibilityVersion = "Xcode 13.0";
			developmentRegion = en;
			hasScannedForEncodings = 0;
			knownRegions = (
				en,
				Base,
			);
			mainGroup = 335C65BF27911406000B8C7A;
			productRefGroup = 335C65C927911406000B8C7A /* Products */;
			projectDirPath = "";
			projectRoot = "";
			targets = (
				335C65C727911406000B8C7A /* PrivacyPolicyTranslator */,
			);
		};
/* End PBXProject section */

/* Begin PBXResourcesBuildPhase section */
		335C65C627911406000B8C7A /* Resources */ = {
			isa = PBXResourcesBuildPhase;
			buildActionMask = 2147483647;
			files = (
				330F37AB2792572E0063E436 /* .gitignore in Resources */,
				330F37A827923B430063E436 /* Secret.plist in Resources */,
				335C65D027911408000B8C7A /* Assets.xcassets in Resources */,
				335C65D327911408000B8C7A /* Main.storyboard in Resources */,
			);
			runOnlyForDeploymentPostprocessing = 0;
		};
/* End PBXResourcesBuildPhase section */

/* Begin PBXSourcesBuildPhase section */
		335C65C427911406000B8C7A /* Sources */ = {
			isa = PBXSourcesBuildPhase;
			buildActionMask = 2147483647;
			files = (
				335C65CE27911406000B8C7A /* ViewController.swift in Sources */,
				330F37A127916C1B0063E436 /* SwiftGoogleTranslate.swift in Sources */,
				335C65DB27914D6D000B8C7A /* html_strings.swift in Sources */,
				335C65CC27911406000B8C7A /* AppDelegate.swift in Sources */,
			);
			runOnlyForDeploymentPostprocessing = 0;
		};
/* End PBXSourcesBuildPhase section */

/* Begin PBXVariantGroup section */
		335C65D127911408000B8C7A /* Main.storyboard */ = {
			isa = PBXVariantGroup;
			children = (
				335C65D227911408000B8C7A /* Base */,
			);
			name = Main.storyboard;
			sourceTree = "<group>";
		};
/* End PBXVariantGroup section */

/* Begin XCBuildConfiguration section */
		335C65D527911408000B8C7A /* Debug */ = {
			isa = XCBuildConfiguration;
			buildSettings = {
				ALWAYS_SEARCH_USER_PATHS = NO;
				CLANG_ANALYZER_NONNULL = YES;
				CLANG_ANALYZER_NUMBER_OBJECT_CONVERSION = YES_AGGRESSIVE;
				CLANG_CXX_LANGUAGE_STANDARD = "gnu++17";
				CLANG_CXX_LIBRARY = "libc++";
				CLANG_ENABLE_MODULES = YES;
				CLANG_ENABLE_OBJC_ARC = YES;
				CLANG_ENABLE_OBJC_WEAK = YES;
				CLANG_WARN_BLOCK_CAPTURE_AUTORELEASING = YES;
				CLANG_WARN_BOOL_CONVERSION = YES;
				CLANG_WARN_COMMA = YES;
				CLANG_WARN_CONSTANT_CONVERSION = YES;
				CLANG_WARN_DEPRECATED_OBJC_IMPLEMENTATIONS = YES;
				CLANG_WARN_DIRECT_OBJC_ISA_USAGE = YES_ERROR;
				CLANG_WARN_DOCUMENTATION_COMMENTS = YES;
				CLANG_WARN_EMPTY_BODY = YES;
				CLANG_WARN_ENUM_CONVERSION = YES;
				CLANG_WARN_INFINITE_RECURSION = YES;
				CLANG_WARN_INT_CONVERSION = YES;
				CLANG_WARN_NON_LITERAL_NULL_CONVERSION = YES;
				CLANG_WARN_OBJC_IMPLICIT_RETAIN_SELF = YES;
				CLANG_WARN_OBJC_LITERAL_CONVERSION = YES;
				CLANG_WARN_OBJC_ROOT_CLASS = YES_ERROR;
				CLANG_WARN_QUOTED_INCLUDE_IN_FRAMEWORK_HEADER = YES;
				CLANG_WARN_RANGE_LOOP_ANALYSIS = YES;
				CLANG_WARN_STRICT_PROTOTYPES = YES;
				CLANG_WARN_SUSPICIOUS_MOVE = YES;
				CLANG_WARN_UNGUARDED_AVAILABILITY = YES_AGGRESSIVE;
				CLANG_WARN_UNREACHABLE_CODE = YES;
				CLANG_WARN__DUPLICATE_METHOD_MATCH = YES;
				COPY_PHASE_STRIP = NO;
				DEBUG_INFORMATION_FORMAT = dwarf;
				ENABLE_STRICT_OBJC_MSGSEND = YES;
				ENABLE_TESTABILITY = YES;
				GCC_C_LANGUAGE_STANDARD = gnu11;
				GCC_DYNAMIC_NO_PIC = NO;
				GCC_NO_COMMON_BLOCKS = YES;
				GCC_OPTIMIZATION_LEVEL = 0;
				GCC_PREPROCESSOR_DEFINITIONS = (
					"DEBUG=1",
					"$(inherited)",
				);
				GCC_WARN_64_TO_32_BIT_CONVERSION = YES;
				GCC_WARN_ABOUT_RETURN_TYPE = YES_ERROR;
				GCC_WARN_UNDECLARED_SELECTOR = YES;
				GCC_WARN_UNINITIALIZED_AUTOS = YES_AGGRESSIVE;
				GCC_WARN_UNUSED_FUNCTION = YES;
				GCC_WARN_UNUSED_VARIABLE = YES;
				MACOSX_DEPLOYMENT_TARGET = 11.3;
				MTL_ENABLE_DEBUG_INFO = INCLUDE_SOURCE;
				MTL_FAST_MATH = YES;
				ONLY_ACTIVE_ARCH = YES;
				SDKROOT = macosx;
				SWIFT_ACTIVE_COMPILATION_CONDITIONS = DEBUG;
				SWIFT_OPTIMIZATION_LEVEL = "-Onone";
			};
			name = Debug;
		};
		335C65D627911408000B8C7A /* Release */ = {
			isa = XCBuildConfiguration;
			buildSettings = {
				ALWAYS_SEARCH_USER_PATHS = NO;
				CLANG_ANALYZER_NONNULL = YES;
				CLANG_ANALYZER_NUMBER_OBJECT_CONVERSION = YES_AGGRESSIVE;
				CLANG_CXX_LANGUAGE_STANDARD = "gnu++17";
				CLANG_CXX_LIBRARY = "libc++";
				CLANG_ENABLE_MODULES = YES;
				CLANG_ENABLE_OBJC_ARC = YES;
				CLANG_ENABLE_OBJC_WEAK = YES;
				CLANG_WARN_BLOCK_CAPTURE_AUTORELEASING = YES;
				CLANG_WARN_BOOL_CONVERSION = YES;
				CLANG_WARN_COMMA = YES;
				CLANG_WARN_CONSTANT_CONVERSION = YES;
				CLANG_WARN_DEPRECATED_OBJC_IMPLEMENTATIONS = YES;
				CLANG_WARN_DIRECT_OBJC_ISA_USAGE = YES_ERROR;
				CLANG_WARN_DOCUMENTATION_COMMENTS = YES;
				CLANG_WARN_EMPTY_BODY = YES;
				CLANG_WARN_ENUM_CONVERSION = YES;
				CLANG_WARN_INFINITE_RECURSION = YES;
				CLANG_WARN_INT_CONVERSION = YES;
				CLANG_WARN_NON_LITERAL_NULL_CONVERSION = YES;
				CLANG_WARN_OBJC_IMPLICIT_RETAIN_SELF = YES;
				CLANG_WARN_OBJC_LITERAL_CONVERSION = YES;
				CLANG_WARN_OBJC_ROOT_CLASS = YES_ERROR;
				CLANG_WARN_QUOTED_INCLUDE_IN_FRAMEWORK_HEADER = YES;
				CLANG_WARN_RANGE_LOOP_ANALYSIS = YES;
				CLANG_WARN_STRICT_PROTOTYPES = YES;
				CLANG_WARN_SUSPICIOUS_MOVE = YES;
				CLANG_WARN_UNGUARDED_AVAILABILITY = YES_AGGRESSIVE;
				CLANG_WARN_UNREACHABLE_CODE = YES;
				CLANG_WARN__DUPLICATE_METHOD_MATCH = YES;
				COPY_PHASE_STRIP = NO;
				DEBUG_INFORMATION_FORMAT = "dwarf-with-dsym";
				ENABLE_NS_ASSERTIONS = NO;
				ENABLE_STRICT_OBJC_MSGSEND = YES;
				GCC_C_LANGUAGE_STANDARD = gnu11;
				GCC_NO_COMMON_BLOCKS = YES;
				GCC_WARN_64_TO_32_BIT_CONVERSION = YES;
				GCC_WARN_ABOUT_RETURN_TYPE = YES_ERROR;
				GCC_WARN_UNDECLARED_SELECTOR = YES;
				GCC_WARN_UNINITIALIZED_AUTOS = YES_AGGRESSIVE;
				GCC_WARN_UNUSED_FUNCTION = YES;
				GCC_WARN_UNUSED_VARIABLE = YES;
				MACOSX_DEPLOYMENT_TARGET = 11.3;
				MTL_ENABLE_DEBUG_INFO = NO;
				MTL_FAST_MATH = YES;
				SDKROOT = macosx;
				SWIFT_COMPILATION_MODE = wholemodule;
				SWIFT_OPTIMIZATION_LEVEL = "-O";
			};
			name = Release;
		};
		335C65D827911408000B8C7A /* Debug */ = {
			isa = XCBuildConfiguration;
			buildSettings = {
				ASSETCATALOG_COMPILER_APPICON_NAME = AppIcon;
				ASSETCATALOG_COMPILER_GLOBAL_ACCENT_COLOR_NAME = AccentColor;
				CODE_SIGN_ENTITLEMENTS = PrivacyPolicyTranslator/PrivacyPolicyTranslator.entitlements;
				CODE_SIGN_STYLE = Automatic;
				COMBINE_HIDPI_IMAGES = YES;
				CURRENT_PROJECT_VERSION = 1;
				DEVELOPMENT_TEAM = 3N8C7YG642;
				ENABLE_HARDENED_RUNTIME = YES;
				GENERATE_INFOPLIST_FILE = YES;
				INFOPLIST_KEY_LSApplicationCategoryType = "public.app-category.developer-tools";
				INFOPLIST_KEY_NSHumanReadableCopyright = "";
				INFOPLIST_KEY_NSMainStoryboardFile = Main;
				INFOPLIST_KEY_NSPrincipalClass = NSApplication;
				LD_RUNPATH_SEARCH_PATHS = (
					"$(inherited)",
					"@executable_path/../Frameworks",
				);
				MARKETING_VERSION = 1.0;
				PRODUCT_BUNDLE_IDENTIFIER = com.yasser159.PrivacyPolicyTranslator;
				PRODUCT_NAME = "$(TARGET_NAME)";
				SWIFT_EMIT_LOC_STRINGS = YES;
				SWIFT_VERSION = 5.0;
			};
			name = Debug;
		};
		335C65D927911408000B8C7A /* Release */ = {
			isa = XCBuildConfiguration;
			buildSettings = {
				ASSETCATALOG_COMPILER_APPICON_NAME = AppIcon;
				ASSETCATALOG_COMPILER_GLOBAL_ACCENT_COLOR_NAME = AccentColor;
				CODE_SIGN_ENTITLEMENTS = PrivacyPolicyTranslator/PrivacyPolicyTranslator.entitlements;
				CODE_SIGN_STYLE = Automatic;
				COMBINE_HIDPI_IMAGES = YES;
				CURRENT_PROJECT_VERSION = 1;
				DEVELOPMENT_TEAM = 3N8C7YG642;
				ENABLE_HARDENED_RUNTIME = YES;
				GENERATE_INFOPLIST_FILE = YES;
				INFOPLIST_KEY_LSApplicationCategoryType = "public.app-category.developer-tools";
				INFOPLIST_KEY_NSHumanReadableCopyright = "";
				INFOPLIST_KEY_NSMainStoryboardFile = Main;
				INFOPLIST_KEY_NSPrincipalClass = NSApplication;
				LD_RUNPATH_SEARCH_PATHS = (
					"$(inherited)",
					"@executable_path/../Frameworks",
				);
				MARKETING_VERSION = 1.0;
				PRODUCT_BUNDLE_IDENTIFIER = com.yasser159.PrivacyPolicyTranslator;
				PRODUCT_NAME = "$(TARGET_NAME)";
				SWIFT_EMIT_LOC_STRINGS = YES;
				SWIFT_VERSION = 5.0;
			};
			name = Release;
		};
/* End XCBuildConfiguration section */

/* Begin XCConfigurationList section */
		335C65C327911406000B8C7A /* Build configuration list for PBXProject "PrivacyPolicyTranslator" */ = {
			isa = XCConfigurationList;
			buildConfigurations = (
				335C65D527911408000B8C7A /* Debug */,
				335C65D627911408000B8C7A /* Release */,
			);
			defaultConfigurationIsVisible = 0;
			defaultConfigurationName = Release;
		};
		335C65D727911408000B8C7A /* Build configuration list for PBXNativeTarget "PrivacyPolicyTranslator" */ = {
			isa = XCConfigurationList;
			buildConfigurations = (
				335C65D827911408000B8C7A /* Debug */,
				335C65D927911408000B8C7A /* Release */,
			);
			defaultConfigurationIsVisible = 0;
			defaultConfigurationName = Release;
		};
/* End XCConfigurationList section */
	};
	rootObject = 335C65C027911406000B8C7A /* Project object */;
}
